
Microsoft Visual Studio Solution File, Format Version 12.00
# Visual Studio Version 17
VisualStudioVersion = 17.0.31903.59
MinimumVisualStudioVersion = 10.0.40219.1
Project("{FAE04EC0-301F-11D3-BF4B-00C04F79EFBC}") = "Console", "Console\Console.csproj", "{DFD0789E-E85E-4D3B-B0BF-7165317C20D6}"
EndProject
Project("{FAE04EC0-301F-11D3-BF4B-00C04F79EFBC}") = "Tests", "Tests\Tests.csproj", "{7E6CD1A3-80DE-4E81-9F4C-F76A7F33C66C}"
EndProject
Project("{FAE04EC0-301F-11D3-BF4B-00C04F79EFBC}") = "Raylib", "Raylib\Raylib.csproj", "{9F114717-B394-4332-A624-1F8B9883BBC7}"
EndProject
Project("{2150E333-8FDC-42A3-9474-1A3956D46DE8}") = "Unity", "Unity", "{61FD3DF2-1C29-4E6A-9206-6F37816124BE}"
EndProject
Project("{FAE04EC0-301F-11D3-BF4B-00C04F79EFBC}") = "MapGenerator", "Unity\MapGenerator\MapGenerator.csproj", "{5BDDE8E6-85F3-4737-82CF-779DC9D2492B}"
EndProject
Project("{FAE04EC0-301F-11D3-BF4B-00C04F79EFBC}") = "DungeonCrawler", "DungeonCrawler\DungeonCrawler.csproj", "{BBD54189-D9C1-4A65-B6D2-DA71AFE413CB}"
EndProject
Project("{FAE04EC0-301F-11D3-BF4B-00C04F79EFBC}") = "DungeonCrawlerUnity", "Unity\DungeonCrawlerUnity\DungeonCrawlerUnity.csproj", "{F2A1BDB1-BD33-44CA-A499-CDDB0996811A}"
EndProject
Project("{FAE04EC0-301F-11D3-BF4B-00C04F79EFBC}") = "DungeonCrawler.Scripting", "DungeonCrawler.Scripting\DungeonCrawler.Scripting.csproj", "{F05F025A-BD8D-4139-9CE2-F8BDEC0D090D}"
EndProject
Global
	GlobalSection(SolutionConfigurationPlatforms) = preSolution
		Debug|Any CPU = Debug|Any CPU
		Release|Any CPU = Release|Any CPU
	EndGlobalSection
	GlobalSection(SolutionProperties) = preSolution
		HideSolutionNode = FALSE
	EndGlobalSection
	GlobalSection(ProjectConfigurationPlatforms) = postSolution
		{DFD0789E-E85E-4D3B-B0BF-7165317C20D6}.Debug|Any CPU.ActiveCfg = Debug|Any CPU
		{DFD0789E-E85E-4D3B-B0BF-7165317C20D6}.Debug|Any CPU.Build.0 = Debug|Any CPU
		{DFD0789E-E85E-4D3B-B0BF-7165317C20D6}.Release|Any CPU.ActiveCfg = Release|Any CPU
		{DFD0789E-E85E-4D3B-B0BF-7165317C20D6}.Release|Any CPU.Build.0 = Release|Any CPU
		{7E6CD1A3-80DE-4E81-9F4C-F76A7F33C66C}.Debug|Any CPU.ActiveCfg = Debug|Any CPU
		{7E6CD1A3-80DE-4E81-9F4C-F76A7F33C66C}.Debug|Any CPU.Build.0 = Debug|Any CPU
		{7E6CD1A3-80DE-4E81-9F4C-F76A7F33C66C}.Release|Any CPU.ActiveCfg = Release|Any CPU
		{7E6CD1A3-80DE-4E81-9F4C-F76A7F33C66C}.Release|Any CPU.Build.0 = Release|Any CPU
		{9F114717-B394-4332-A624-1F8B9883BBC7}.Debug|Any CPU.ActiveCfg = Debug|Any CPU
		{9F114717-B394-4332-A624-1F8B9883BBC7}.Debug|Any CPU.Build.0 = Debug|Any CPU
		{9F114717-B394-4332-A624-1F8B9883BBC7}.Release|Any CPU.ActiveCfg = Release|Any CPU
		{9F114717-B394-4332-A624-1F8B9883BBC7}.Release|Any CPU.Build.0 = Release|Any CPU
		{5BDDE8E6-85F3-4737-82CF-779DC9D2492B}.Debug|Any CPU.ActiveCfg = Debug|Any CPU
		{5BDDE8E6-85F3-4737-82CF-779DC9D2492B}.Debug|Any CPU.Build.0 = Debug|Any CPU
		{5BDDE8E6-85F3-4737-82CF-779DC9D2492B}.Release|Any CPU.ActiveCfg = Release|Any CPU
		{5BDDE8E6-85F3-4737-82CF-779DC9D2492B}.Release|Any CPU.Build.0 = Release|Any CPU
		{BBD54189-D9C1-4A65-B6D2-DA71AFE413CB}.Debug|Any CPU.ActiveCfg = Debug|Any CPU
		{BBD54189-D9C1-4A65-B6D2-DA71AFE413CB}.Debug|Any CPU.Build.0 = Debug|Any CPU
		{BBD54189-D9C1-4A65-B6D2-DA71AFE413CB}.Release|Any CPU.ActiveCfg = Release|Any CPU
		{BBD54189-D9C1-4A65-B6D2-DA71AFE413CB}.Release|Any CPU.Build.0 = Release|Any CPU
		{F2A1BDB1-BD33-44CA-A499-CDDB0996811A}.Debug|Any CPU.ActiveCfg = Debug|Any CPU
		{F2A1BDB1-BD33-44CA-A499-CDDB0996811A}.Debug|Any CPU.Build.0 = Debug|Any CPU
		{F2A1BDB1-BD33-44CA-A499-CDDB0996811A}.Release|Any CPU.ActiveCfg = Release|Any CPU
		{F2A1BDB1-BD33-44CA-A499-CDDB0996811A}.Release|Any CPU.Build.0 = Release|Any CPU
		{F05F025A-BD8D-4139-9CE2-F8BDEC0D090D}.Debug|Any CPU.ActiveCfg = Debug|Any CPU
		{F05F025A-BD8D-4139-9CE2-F8BDEC0D090D}.Debug|Any CPU.Build.0 = Debug|Any CPU
		{F05F025A-BD8D-4139-9CE2-F8BDEC0D090D}.Release|Any CPU.ActiveCfg = Release|Any CPU
		{F05F025A-BD8D-4139-9CE2-F8BDEC0D090D}.Release|Any CPU.Build.0 = Release|Any CPU
	EndGlobalSection
	GlobalSection(NestedProjects) = preSolution
		{5BDDE8E6-85F3-4737-82CF-779DC9D2492B} = {61FD3DF2-1C29-4E6A-9206-6F37816124BE}
		{F2A1BDB1-BD33-44CA-A499-CDDB0996811A} = {61FD3DF2-1C29-4E6A-9206-6F37816124BE}
	EndGlobalSection
EndGlobal
